
Microsoft Visual Studio Solution File, Format Version 12.00
# Visual Studio Version 16
VisualStudioVersion = 16.0.30717.126
MinimumVisualStudioVersion = 10.0.40219.1
Project("{FAE04EC0-301F-11D3-BF4B-00C04F79EFBC}") = "C_sharp_basics", "C_sharp_basics\C_sharp_basics.csproj", "{67F723EF-8F8D-4A1A-9523-ABC531939157}"
EndProject
Global
	GlobalSection(SolutionConfigurationPlatforms) = preSolution
		Debug|Any CPU = Debug|Any CPU
		Release|Any CPU = Release|Any CPU
	EndGlobalSection
	GlobalSection(ProjectConfigurationPlatforms) = postSolution
		{67F723EF-8F8D-4A1A-9523-ABC531939157}.Debug|Any CPU.ActiveCfg = Debug|Any CPU
		{67F723EF-8F8D-4A1A-9523-ABC531939157}.Debug|Any CPU.Build.0 = Debug|Any CPU
		{67F723EF-8F8D-4A1A-9523-ABC531939157}.Release|Any CPU.ActiveCfg = Release|Any CPU
		{67F723EF-8F8D-4A1A-9523-ABC531939157}.Release|Any CPU.Build.0 = Release|Any CPU
	EndGlobalSection
	GlobalSection(SolutionProperties) = preSolution
		HideSolutionNode = FALSE
	EndGlobalSection
	GlobalSection(ExtensibilityGlobals) = postSolution
		SolutionGuid = {B2085AE0-DA89-4781-B9A9-A3F9B48C8DCA}
	EndGlobalSection
EndGlobal
